
Microsoft Visual Studio Solution File, Format Version 12.00
# Visual Studio 14
VisualStudioVersion = 14.0.25420.1
MinimumVisualStudioVersion = 10.0.40219.1
Project("{FAE04EC0-301F-11D3-BF4B-00C04F79EFBC}") = "SomeOldApplication", "SomeOldApplication\SomeOldApplication.csproj", "{23CF740D-A532-4E0F-B8F4-4F12753F4181}"
EndProject
Project("{FAE04EC0-301F-11D3-BF4B-00C04F79EFBC}") = "SomeOldApplication.ScriptingService", "SomeOldApplication.ScriptingService\SomeOldApplication.ScriptingService.csproj", "{499D4972-CFB9-4E7E-B839-23C474DD7944}"
EndProject
Project("{FAE04EC0-301F-11D3-BF4B-00C04F79EFBC}") = "SomeOldApplication.PyUtility", "SomeOldApplication.PyUtility\SomeOldApplication.PyUtility.csproj", "{CD8AB8A0-6A8F-438E-9AF9-5C9043468590}"
EndProject
Project("{FAE04EC0-301F-11D3-BF4B-00C04F79EFBC}") = "SomeOldApplication.Tests", "SomeOldApplication.Tests\SomeOldApplication.Tests.csproj", "{47AB9BAC-3DA8-486D-95DB-30C3749164A9}"
EndProject
Global
	GlobalSection(SolutionConfigurationPlatforms) = preSolution
		Debug|Any CPU = Debug|Any CPU
		Debug|ARM = Debug|ARM
		Debug|x64 = Debug|x64
		Debug|x86 = Debug|x86
		Release|Any CPU = Release|Any CPU
		Release|ARM = Release|ARM
		Release|x64 = Release|x64
		Release|x86 = Release|x86
	EndGlobalSection
	GlobalSection(ProjectConfigurationPlatforms) = postSolution
		{23CF740D-A532-4E0F-B8F4-4F12753F4181}.Debug|Any CPU.ActiveCfg = Debug|Any CPU
		{23CF740D-A532-4E0F-B8F4-4F12753F4181}.Debug|Any CPU.Build.0 = Debug|Any CPU
		{23CF740D-A532-4E0F-B8F4-4F12753F4181}.Debug|ARM.ActiveCfg = Debug|Any CPU
		{23CF740D-A532-4E0F-B8F4-4F12753F4181}.Debug|ARM.Build.0 = Debug|Any CPU
		{23CF740D-A532-4E0F-B8F4-4F12753F4181}.Debug|x64.ActiveCfg = Debug|Any CPU
		{23CF740D-A532-4E0F-B8F4-4F12753F4181}.Debug|x64.Build.0 = Debug|Any CPU
		{23CF740D-A532-4E0F-B8F4-4F12753F4181}.Debug|x86.ActiveCfg = Debug|Any CPU
		{23CF740D-A532-4E0F-B8F4-4F12753F4181}.Debug|x86.Build.0 = Debug|Any CPU
		{23CF740D-A532-4E0F-B8F4-4F12753F4181}.Release|Any CPU.ActiveCfg = Release|Any CPU
		{23CF740D-A532-4E0F-B8F4-4F12753F4181}.Release|Any CPU.Build.0 = Release|Any CPU
		{23CF740D-A532-4E0F-B8F4-4F12753F4181}.Release|ARM.ActiveCfg = Release|Any CPU
		{23CF740D-A532-4E0F-B8F4-4F12753F4181}.Release|ARM.Build.0 = Release|Any CPU
		{23CF740D-A532-4E0F-B8F4-4F12753F4181}.Release|x64.ActiveCfg = Release|Any CPU
		{23CF740D-A532-4E0F-B8F4-4F12753F4181}.Release|x64.Build.0 = Release|Any CPU
		{23CF740D-A532-4E0F-B8F4-4F12753F4181}.Release|x86.ActiveCfg = Release|Any CPU
		{23CF740D-A532-4E0F-B8F4-4F12753F4181}.Release|x86.Build.0 = Release|Any CPU
		{499D4972-CFB9-4E7E-B839-23C474DD7944}.Debug|Any CPU.ActiveCfg = Debug|Any CPU
		{499D4972-CFB9-4E7E-B839-23C474DD7944}.Debug|Any CPU.Build.0 = Debug|Any CPU
		{499D4972-CFB9-4E7E-B839-23C474DD7944}.Debug|ARM.ActiveCfg = Debug|Any CPU
		{499D4972-CFB9-4E7E-B839-23C474DD7944}.Debug|ARM.Build.0 = Debug|Any CPU
		{499D4972-CFB9-4E7E-B839-23C474DD7944}.Debug|x64.ActiveCfg = Debug|Any CPU
		{499D4972-CFB9-4E7E-B839-23C474DD7944}.Debug|x64.Build.0 = Debug|Any CPU
		{499D4972-CFB9-4E7E-B839-23C474DD7944}.Debug|x86.ActiveCfg = Debug|Any CPU
		{499D4972-CFB9-4E7E-B839-23C474DD7944}.Debug|x86.Build.0 = Debug|Any CPU
		{499D4972-CFB9-4E7E-B839-23C474DD7944}.Release|Any CPU.ActiveCfg = Release|Any CPU
		{499D4972-CFB9-4E7E-B839-23C474DD7944}.Release|Any CPU.Build.0 = Release|Any CPU
		{499D4972-CFB9-4E7E-B839-23C474DD7944}.Release|ARM.ActiveCfg = Release|Any CPU
		{499D4972-CFB9-4E7E-B839-23C474DD7944}.Release|ARM.Build.0 = Release|Any CPU
		{499D4972-CFB9-4E7E-B839-23C474DD7944}.Release|x64.ActiveCfg = Release|Any CPU
		{499D4972-CFB9-4E7E-B839-23C474DD7944}.Release|x64.Build.0 = Release|Any CPU
		{499D4972-CFB9-4E7E-B839-23C474DD7944}.Release|x86.ActiveCfg = Release|Any CPU
		{499D4972-CFB9-4E7E-B839-23C474DD7944}.Release|x86.Build.0 = Release|Any CPU
		{CD8AB8A0-6A8F-438E-9AF9-5C9043468590}.Debug|Any CPU.ActiveCfg = Debug|Any CPU
		{CD8AB8A0-6A8F-438E-9AF9-5C9043468590}.Debug|Any CPU.Build.0 = Debug|Any CPU
		{CD8AB8A0-6A8F-438E-9AF9-5C9043468590}.Debug|ARM.ActiveCfg = Debug|Any CPU
		{CD8AB8A0-6A8F-438E-9AF9-5C9043468590}.Debug|ARM.Build.0 = Debug|Any CPU
		{CD8AB8A0-6A8F-438E-9AF9-5C9043468590}.Debug|x64.ActiveCfg = Debug|Any CPU
		{CD8AB8A0-6A8F-438E-9AF9-5C9043468590}.Debug|x64.Build.0 = Debug|Any CPU
		{CD8AB8A0-6A8F-438E-9AF9-5C9043468590}.Debug|x86.ActiveCfg = Debug|Any CPU
		{CD8AB8A0-6A8F-438E-9AF9-5C9043468590}.Debug|x86.Build.0 = Debug|Any CPU
		{CD8AB8A0-6A8F-438E-9AF9-5C9043468590}.Release|Any CPU.ActiveCfg = Release|Any CPU
		{CD8AB8A0-6A8F-438E-9AF9-5C9043468590}.Release|Any CPU.Build.0 = Release|Any CPU
		{CD8AB8A0-6A8F-438E-9AF9-5C9043468590}.Release|ARM.ActiveCfg = Release|Any CPU
		{CD8AB8A0-6A8F-438E-9AF9-5C9043468590}.Release|ARM.Build.0 = Release|Any CPU
		{CD8AB8A0-6A8F-438E-9AF9-5C9043468590}.Release|x64.ActiveCfg = Release|Any CPU
		{CD8AB8A0-6A8F-438E-9AF9-5C9043468590}.Release|x64.Build.0 = Release|Any CPU
		{CD8AB8A0-6A8F-438E-9AF9-5C9043468590}.Release|x86.ActiveCfg = Release|Any CPU
		{CD8AB8A0-6A8F-438E-9AF9-5C9043468590}.Release|x86.Build.0 = Release|Any CPU
		{47AB9BAC-3DA8-486D-95DB-30C3749164A9}.Debug|Any CPU.ActiveCfg = Debug|Any CPU
		{47AB9BAC-3DA8-486D-95DB-30C3749164A9}.Debug|Any CPU.Build.0 = Debug|Any CPU
		{47AB9BAC-3DA8-486D-95DB-30C3749164A9}.Debug|ARM.ActiveCfg = Debug|Any CPU
		{47AB9BAC-3DA8-486D-95DB-30C3749164A9}.Debug|ARM.Build.0 = Debug|Any CPU
		{47AB9BAC-3DA8-486D-95DB-30C3749164A9}.Debug|x64.ActiveCfg = Debug|Any CPU
		{47AB9BAC-3DA8-486D-95DB-30C3749164A9}.Debug|x64.Build.0 = Debug|Any CPU
		{47AB9BAC-3DA8-486D-95DB-30C3749164A9}.Debug|x86.ActiveCfg = Debug|Any CPU
		{47AB9BAC-3DA8-486D-95DB-30C3749164A9}.Debug|x86.Build.0 = Debug|Any CPU
		{47AB9BAC-3DA8-486D-95DB-30C3749164A9}.Release|Any CPU.ActiveCfg = Release|Any CPU
		{47AB9BAC-3DA8-486D-95DB-30C3749164A9}.Release|Any CPU.Build.0 = Release|Any CPU
		{47AB9BAC-3DA8-486D-95DB-30C3749164A9}.Release|ARM.ActiveCfg = Release|Any CPU
		{47AB9BAC-3DA8-486D-95DB-30C3749164A9}.Release|ARM.Build.0 = Release|Any CPU
		{47AB9BAC-3DA8-486D-95DB-30C3749164A9}.Release|x64.ActiveCfg = Release|Any CPU
		{47AB9BAC-3DA8-486D-95DB-30C3749164A9}.Release|x64.Build.0 = Release|Any CPU
		{47AB9BAC-3DA8-486D-95DB-30C3749164A9}.Release|x86.ActiveCfg = Release|Any CPU
		{47AB9BAC-3DA8-486D-95DB-30C3749164A9}.Release|x86.Build.0 = Release|Any CPU
	EndGlobalSection
	GlobalSection(SolutionProperties) = preSolution
		HideSolutionNode = FALSE
	EndGlobalSection
EndGlobal
